
Microsoft Visual Studio Solution File, Format Version 12.00
# Visual Studio Version 17
VisualStudioVersion = 17.11.35312.102
MinimumVisualStudioVersion = 10.0.40219.1
Project("{FAE04EC0-301F-11D3-BF4B-00C04F79EFBC}") = "Project_ICT_V4", "Project_ICT_V4\Project_ICT_V4.csproj", "{5972E5C5-4107-4C38-A48D-36FB4FE07F81}"
EndProject
Global
	GlobalSection(SolutionConfigurationPlatforms) = preSolution
		Debug|Any CPU = Debug|Any CPU
		Release|Any CPU = Release|Any CPU
	EndGlobalSection
	GlobalSection(ProjectConfigurationPlatforms) = postSolution
		{5972E5C5-4107-4C38-A48D-36FB4FE07F81}.Debug|Any CPU.ActiveCfg = Debug|Any CPU
		{5972E5C5-4107-4C38-A48D-36FB4FE07F81}.Debug|Any CPU.Build.0 = Debug|Any CPU
		{5972E5C5-4107-4C38-A48D-36FB4FE07F81}.Release|Any CPU.ActiveCfg = Release|Any CPU
		{5972E5C5-4107-4C38-A48D-36FB4FE07F81}.Release|Any CPU.Build.0 = Release|Any CPU
	EndGlobalSection
	GlobalSection(SolutionProperties) = preSolution
		HideSolutionNode = FALSE
	EndGlobalSection
	GlobalSection(ExtensibilityGlobals) = postSolution
		SolutionGuid = {16B07200-780E-4E87-831B-CEE89DD6B227}
	EndGlobalSection
EndGlobal
